
Microsoft Visual Studio Solution File, Format Version 12.00
# Visual Studio Version 17
VisualStudioVersion = 17.14.36518.9 d17.14
MinimumVisualStudioVersion = 10.0.40219.1
Project("{FAE04EC0-301F-11D3-BF4B-00C04F79EFBC}") = "Publisher-Subscriber-Pattern", "Publisher-Subscriber-Pattern\Publisher-Subscriber-Pattern.csproj", "{31270001-A76C-4A90-A3FA-736CDE5B3180}"
EndProject
Global
	GlobalSection(SolutionConfigurationPlatforms) = preSolution
		Debug|Any CPU = Debug|Any CPU
		Release|Any CPU = Release|Any CPU
	EndGlobalSection
	GlobalSection(ProjectConfigurationPlatforms) = postSolution
		{31270001-A76C-4A90-A3FA-736CDE5B3180}.Debug|Any CPU.ActiveCfg = Debug|Any CPU
		{31270001-A76C-4A90-A3FA-736CDE5B3180}.Debug|Any CPU.Build.0 = Debug|Any CPU
		{31270001-A76C-4A90-A3FA-736CDE5B3180}.Release|Any CPU.ActiveCfg = Release|Any CPU
		{31270001-A76C-4A90-A3FA-736CDE5B3180}.Release|Any CPU.Build.0 = Release|Any CPU
	EndGlobalSection
	GlobalSection(SolutionProperties) = preSolution
		HideSolutionNode = FALSE
	EndGlobalSection
	GlobalSection(ExtensibilityGlobals) = postSolution
		SolutionGuid = {ABE59D73-7AE2-40CE-98F6-D8E88EFE1C57}
	EndGlobalSection
EndGlobal
