
Microsoft Visual Studio Solution File, Format Version 12.00
# Visual Studio Version 17
VisualStudioVersion = 17.14.36518.9 d17.14
MinimumVisualStudioVersion = 10.0.40219.1
Project("{FAE04EC0-301F-11D3-BF4B-00C04F79EFBC}") = "Practice2", "Practice2\Practice2.csproj", "{C23F3FEC-BEC5-45D2-B66E-F30741BD1912}"
EndProject
Global
	GlobalSection(SolutionConfigurationPlatforms) = preSolution
		Debug|Any CPU = Debug|Any CPU
		Release|Any CPU = Release|Any CPU
	EndGlobalSection
	GlobalSection(ProjectConfigurationPlatforms) = postSolution
		{C23F3FEC-BEC5-45D2-B66E-F30741BD1912}.Debug|Any CPU.ActiveCfg = Debug|Any CPU
		{C23F3FEC-BEC5-45D2-B66E-F30741BD1912}.Debug|Any CPU.Build.0 = Debug|Any CPU
		{C23F3FEC-BEC5-45D2-B66E-F30741BD1912}.Release|Any CPU.ActiveCfg = Release|Any CPU
		{C23F3FEC-BEC5-45D2-B66E-F30741BD1912}.Release|Any CPU.Build.0 = Release|Any CPU
	EndGlobalSection
	GlobalSection(SolutionProperties) = preSolution
		HideSolutionNode = FALSE
	EndGlobalSection
	GlobalSection(ExtensibilityGlobals) = postSolution
		SolutionGuid = {927DDB6A-2273-49EB-8253-C4EE1FA3A755}
	EndGlobalSection
EndGlobal
